<?xml version="1.0" encoding="utf-8"?>
<Project ToolsVersion="4.0" xmlns="http://schemas.microsoft.com/developer/msbuild/2003">
  <ItemGroup>
    <ClCompile Include="Actions\ActionAddCircle.cpp" />
    <ClCompile Include="Actions\ActionAddElipse.cpp" />
    <ClCompile Include="Actions\ActionAddHexagon.cpp" />
    <ClCompile Include="Actions\ActionAddTriangle.cpp" />
    <ClCompile Include="Actions\ActionChangeDrawColor.cpp" />
    <ClCompile Include="Actions\ActionChangeFillColor.cpp" />
    <ClCompile Include="Actions\ActionDelete.cpp" />
    <ClCompile Include="Actions\ActionLoad.cpp" />
    <ClCompile Include="Actions\ActionSave.cpp" />
    <ClCompile Include="Actions\ActionPlayMode.cpp" />
    <ClCompile Include="Actions\ActionResize.cpp" />
    <ClCompile Include="Actions\ActionSelect.cpp" />
    <ClCompile Include="Actions\ActionShapesGame.cpp" />
    <ClCompile Include="Actions\ActionSwitchToDrawMode.cpp" />
    <ClCompile Include="CMUgraphicsLib\auxil.cpp" />
    <ClCompile Include="CMUgraphicsLib\CMUgraphics.cpp" />
    <ClCompile Include="CMUgraphicsLib\image.cpp" />
    <ClCompile Include="CMUgraphicsLib\jpegload.c" />
    <ClCompile Include="CMUgraphicsLib\keyqueue.cpp" />
    <ClCompile Include="CMUgraphicsLib\mousequeue.cpp" />
    <ClCompile Include="CMUgraphicsLib\windowinput.cpp" />
    <ClCompile Include="CMUgraphicsLib\jpeg\jcomapi.c" />
    <ClCompile Include="CMUgraphicsLib\jpeg\jcparam.c" />
    <ClCompile Include="CMUgraphicsLib\jpeg\jdapimin.c" />
    <ClCompile Include="CMUgraphicsLib\jpeg\jdapistd.c" />
    <ClCompile Include="CMUgraphicsLib\jpeg\jdatasrc.c" />
    <ClCompile Include="CMUgraphicsLib\jpeg\jdcoefct.c" />
    <ClCompile Include="CMUgraphicsLib\jpeg\jdcolor.c" />
    <ClCompile Include="CMUgraphicsLib\jpeg\jddctmgr.c" />
    <ClCompile Include="CMUgraphicsLib\jpeg\jdhuff.c" />
    <ClCompile Include="CMUgraphicsLib\jpeg\jdinput.c" />
    <ClCompile Include="CMUgraphicsLib\jpeg\jdmainct.c" />
    <ClCompile Include="CMUgraphicsLib\jpeg\jdmarker.c" />
    <ClCompile Include="CMUgraphicsLib\jpeg\jdmaster.c" />
    <ClCompile Include="CMUgraphicsLib\jpeg\jdmerge.c" />
    <ClCompile Include="CMUgraphicsLib\jpeg\jdphuff.c" />
    <ClCompile Include="CMUgraphicsLib\jpeg\jdpostct.c" />
    <ClCompile Include="CMUgraphicsLib\jpeg\jdsample.c" />
    <ClCompile Include="CMUgraphicsLib\jpeg\jdtrans.c" />
    <ClCompile Include="CMUgraphicsLib\jpeg\jerror.c" />
    <ClCompile Include="CMUgraphicsLib\jpeg\jidctflt.c" />
    <ClCompile Include="CMUgraphicsLib\jpeg\jidctfst.c" />
    <ClCompile Include="CMUgraphicsLib\jpeg\jidctint.c" />
    <ClCompile Include="CMUgraphicsLib\jpeg\jidctred.c" />
    <ClCompile Include="CMUgraphicsLib\jpeg\jmemmgr.c" />
    <ClCompile Include="CMUgraphicsLib\jpeg\jmemnobs.c" />
    <ClCompile Include="CMUgraphicsLib\jpeg\jquant1.c" />
    <ClCompile Include="CMUgraphicsLib\jpeg\jquant2.c" />
    <ClCompile Include="CMUgraphicsLib\jpeg\jutils.c" />
    <ClCompile Include="Figures\CCircle.cpp" />
    <ClCompile Include="Figures\CElipse.cpp" />
    <ClCompile Include="Figures\CFigure.cpp" />
    <ClCompile Include="Figures\CHexagon.cpp" />
    <ClCompile Include="Figures\CSquare.cpp" />
    <ClCompile Include="Actions\ActionAddSquare.cpp" />
    <ClCompile Include="Figures\CTriangle.cpp" />
    <ClCompile Include="GUI\GUI.cpp" />
    <ClCompile Include="ApplicationManager.cpp" />
    <ClCompile Include="main.cpp" />
    <ClCompile Include="Actions\ActionBackToDraw.cpp" />
    <ClCompile Include="Actions\ActionChangeBKColor.cpp" />
    <ClCompile Include="Actions\ActionPlayWithColor.cpp" />
  </ItemGroup>
  <ItemGroup>
    <ClInclude Include="Actions\ActionAddCircle.h" />
    <ClInclude Include="Actions\ActionAddElipse.h" />
    <ClInclude Include="Actions\ActionAddHexagon.h" />
    <ClInclude Include="Actions\ActionAddTriangle.h" />
    <ClInclude Include="Actions\ActionChangeDrawColor.h" />
    <ClInclude Include="Actions\ActionChangeFillColor.h" />
    <ClInclude Include="Actions\ActionPlayMode.h" />
    <ClInclude Include="Actions\ActionResize.h" />
    <ClInclude Include="Actions\ActionLoad.h" />
    <ClInclude Include="Actions\ActionSave.h" />
    <ClInclude Include="Actions\ActionSelect.h" />
    <ClInclude Include="Actions\ActionDelete.h" />
    <ClInclude Include="Actions\ActionShapesGame.h" />
    <ClInclude Include="Actions\ActionSwitchToDrawMode.h" />
    <ClInclude Include="CMUgraphicsLib\auxil.h" />
    <ClInclude Include="CMUgraphicsLib\CMUgraphics.h" />
    <ClInclude Include="CMUgraphicsLib\colors.h" />
    <ClInclude Include="CMUgraphicsLib\error.h" />
    <ClInclude Include="CMUgraphicsLib\image.h" />
    <ClInclude Include="CMUgraphicsLib\jpegload.h" />
    <ClInclude Include="CMUgraphicsLib\keyqueue.h" />
    <ClInclude Include="CMUgraphicsLib\mousequeue.h" />
    <ClInclude Include="CMUgraphicsLib\version.h" />
    <ClInclude Include="CMUgraphicsLib\windowinput.h" />
    <ClInclude Include="CMUgraphicsLib\jpeg\jconfig.h" />
    <ClInclude Include="CMUgraphicsLib\jpeg\jdct.h" />
    <ClInclude Include="CMUgraphicsLib\jpeg\jdhuff.h" />
    <ClInclude Include="CMUgraphicsLib\jpeg\jerror.h" />
    <ClInclude Include="CMUgraphicsLib\jpeg\jinclude.h" />
    <ClInclude Include="CMUgraphicsLib\jpeg\jmemsys.h" />
    <ClInclude Include="CMUgraphicsLib\jpeg\jmorecfg.h" />
    <ClInclude Include="CMUgraphicsLib\jpeg\jpegint.h" />
    <ClInclude Include="CMUgraphicsLib\jpeg\jpeglib.h" />
    <ClInclude Include="CMUgraphicsLib\jpeg\jversion.h" />
    <ClInclude Include="Figures\CCircle.h" />
    <ClInclude Include="Figures\CElipse.h" />
    <ClInclude Include="Figures\CFigure.h" />
    <ClInclude Include="Figures\CHexagon.h" />
    <ClInclude Include="Figures\CSquare.h" />
    <ClInclude Include="Actions\Action.h" />
    <ClInclude Include="Actions\ActionAddSquare.h" />
    <ClInclude Include="Figures\CTriangle.h" />
    <ClInclude Include="GUI\GUI.h" />
    <ClInclude Include="GUI\UI_Info.h" />
    <ClInclude Include="ApplicationManager.h" />
    <ClInclude Include="DEFS.h" />
    <ClInclude Include="Actions\ActionBackToDraw.h" />
    <ClInclude Include="Actions\ActionChangeBKColor.h" />
    <ClInclude Include="Actions\ActionPlayWithColor.h" />
  </ItemGroup>
</Project>